
Microsoft Visual Studio Solution File, Format Version 12.00
# Visual Studio Version 17
VisualStudioVersion = 17.13.35818.85 d17.13
MinimumVisualStudioVersion = 10.0.40219.1
Project("{FAE04EC0-301F-11D3-BF4B-00C04F79EFBC}") = "CocoonAutomationTest", "CocoonAutomationTest.csproj", "{3E689A24-998B-4331-9D25-5FC7F5860CB6}"
EndProject
Project("{FAE04EC0-301F-11D3-BF4B-00C04F79EFBC}") = "CocoonAutomation.Core", "..\CocoonAutomation.Core\CocoonAutomation.Core.csproj", "{237D30DD-38B5-4060-A573-4119AC7D9486}"
EndProject
Global
	GlobalSection(SolutionConfigurationPlatforms) = preSolution
		Debug|Any CPU = Debug|Any CPU
		Release|Any CPU = Release|Any CPU
	EndGlobalSection
	GlobalSection(ProjectConfigurationPlatforms) = postSolution
		{3E689A24-998B-4331-9D25-5FC7F5860CB6}.Debug|Any CPU.ActiveCfg = Debug|Any CPU
		{3E689A24-998B-4331-9D25-5FC7F5860CB6}.Debug|Any CPU.Build.0 = Debug|Any CPU
		{3E689A24-998B-4331-9D25-5FC7F5860CB6}.Release|Any CPU.ActiveCfg = Release|Any CPU
		{3E689A24-998B-4331-9D25-5FC7F5860CB6}.Release|Any CPU.Build.0 = Release|Any CPU
		{237D30DD-38B5-4060-A573-4119AC7D9486}.Debug|Any CPU.ActiveCfg = Debug|Any CPU
		{237D30DD-38B5-4060-A573-4119AC7D9486}.Debug|Any CPU.Build.0 = Debug|Any CPU
		{237D30DD-38B5-4060-A573-4119AC7D9486}.Release|Any CPU.ActiveCfg = Release|Any CPU
		{237D30DD-38B5-4060-A573-4119AC7D9486}.Release|Any CPU.Build.0 = Release|Any CPU
	EndGlobalSection
	GlobalSection(SolutionProperties) = preSolution
		HideSolutionNode = FALSE
	EndGlobalSection
	GlobalSection(ExtensibilityGlobals) = postSolution
		SolutionGuid = {006D9B8C-D647-4B6B-B1B5-A4F5FB2963DD}
	EndGlobalSection
EndGlobal
